{
    "_meta": {
        "hash": {
            "sha256": "c46c05289ca135b447aa9bf467a9e077b58d8b04ff82c497fa339800a5ba5f51"
        },
        "pipfile-spec": 6,
        "requires": {},
        "sources": [
            {
                "name": "pypi",
                "url": "https://pypi.org/simple",
                "verify_ssl": true
            }
        ]
    },
    "default": {
        "micropython-phew": {
            "hashes": [
                "sha256:ac2740e5f5b1cb26b6717846352c29d01717a13eef70c54a6a0e9c962cc99e24"
            ],
            "index": "pypi",
            "version": "==0.0.3"
        }
    },
    "develop": {}
}
